github.com/joho/godotenv v1.5.1 h1:7eLL/+HRGLY0ldzfGMeQkb7vMd0as4CfYvUVzLqw0N0=
github.com/joho/godotenv v1.5.1/go.mod h1:f4LDr5Voq0i2e/R5DDNOoa2zzDfwtkZa6DnEwAbqwq4=
github.com/ledongthuc/pdf v0.0.0-20220302134840-0c2507a12d80 h1:6Yzfa6GP0rIo/kULo2bwGEkFvCePZ3qHDDTC3/J9Swo=
github.com/ledongthuc/pdf v0.0.0-20220302134840-0c2507a12d80/go.mod h1:imJHygn/1yfhB7XSJJKlFZKl/J+dCPAknuiaGOshXAs=
github.com/nguyenthenguyen/docx v0.0.0-20230621112118-9c8e795a11db h1:v0cW/tTMrJQyZr7r6t+t9+NhH2OBAjydHisVYxuyObc=
github.com/nguyenthenguyen/docx v0.0.0-20230621112118-9c8e795a11db/go.mod h1:BZyH8oba3hE/BTt2FfBDGPOHhXiKs9RFmUvvXRdzrhM=
github.com/russross/blackfriday/v2 v2.1.0 h1:JIOH55/0cWyOuilr9/qlrm0BSXldqnqwMsf35Ld67mk=
github.com/russross/blackfriday/v2 v2.1.0/go.mod h1:+Rmxgy9KzJVeS9/2gXHxylqXiyQDYRxCVz55jmeOWTM=
github.com/sashabaranov/go-openai v1.17.9 h1:QEoBiGKWW68W79YIfXWEFZ7l5cEgZBV4/Ow3uy+5hNY=
github.com/sashabaranov/go-openai v1.17.9/go.mod h1:lj5b/K+zjTSFxVLijLSTDZuP7adOgerWeFyZLUhAKRg=
